
Microsoft Visual Studio Solution File, Format Version 12.00
# Visual Studio Version 17
VisualStudioVersion = 17.0.31903.59
MinimumVisualStudioVersion = 10.0.40219.1
Project("{FAE04EC0-301F-11D3-BF4B-00C04F79EFBC}") = "task02", "task02\task02.csproj", "{8741B002-AAB3-4CB6-810A-3FFB3F134869}"
EndProject
Project("{FAE04EC0-301F-11D3-BF4B-00C04F79EFBC}") = "task02tests", "task02tests\task02tests.csproj", "{53B77A7B-4C4B-4453-9744-CB575E0C58FF}"
EndProject
Global
	GlobalSection(SolutionConfigurationPlatforms) = preSolution
		Debug|Any CPU = Debug|Any CPU
		Release|Any CPU = Release|Any CPU
	EndGlobalSection
	GlobalSection(SolutionProperties) = preSolution
		HideSolutionNode = FALSE
	EndGlobalSection
	GlobalSection(ProjectConfigurationPlatforms) = postSolution
		{8741B002-AAB3-4CB6-810A-3FFB3F134869}.Debug|Any CPU.ActiveCfg = Debug|Any CPU
		{8741B002-AAB3-4CB6-810A-3FFB3F134869}.Debug|Any CPU.Build.0 = Debug|Any CPU
		{8741B002-AAB3-4CB6-810A-3FFB3F134869}.Release|Any CPU.ActiveCfg = Release|Any CPU
		{8741B002-AAB3-4CB6-810A-3FFB3F134869}.Release|Any CPU.Build.0 = Release|Any CPU
		{53B77A7B-4C4B-4453-9744-CB575E0C58FF}.Debug|Any CPU.ActiveCfg = Debug|Any CPU
		{53B77A7B-4C4B-4453-9744-CB575E0C58FF}.Debug|Any CPU.Build.0 = Debug|Any CPU
		{53B77A7B-4C4B-4453-9744-CB575E0C58FF}.Release|Any CPU.ActiveCfg = Release|Any CPU
		{53B77A7B-4C4B-4453-9744-CB575E0C58FF}.Release|Any CPU.Build.0 = Release|Any CPU
	EndGlobalSection
EndGlobal
