Microsoft Visual Studio Solution File, Format Version 12.00
# Visual Studio Version 17
VisualStudioVersion = 17.0.31903.59
MinimumVisualStudioVersion = 10.0.40219.1

Project("{FAE04EC0-301F-11D3-BF4B-00C04F79EFBC}") = "MetadataReader", "MetadataReader\MetadataReader.csproj", "{B9A65DFD-B7BC-4BC3-ACA9-86E1FF906800}"
EndProject
Project("{FAE04EC0-301F-11D3-BF4B-00C04F79EFBC}") = "task09", "task09\task09.csproj", "{D780D481-96D1-4CBF-AE9A-27624AC4BB84}"
EndProject
Project("{FAE04EC0-301F-11D3-BF4B-00C04F79EFBC}") = "task09tests", "task09tests\task09tests.csproj", "{8B4282CC-4971-4A58-9711-D1452826D908}"
EndProject

Global
    GlobalSection(SolutionConfigurationPlatforms) = preSolution
        Debug|Any CPU = Debug|Any CPU
        Release|Any CPU = Release|Any CPU
    EndGlobalSection
    GlobalSection(ProjectConfigurationPlatforms) = postSolution
        {B9A65DFD-B7BC-4BC3-ACA9-86E1FF906800}.Debug|Any CPU.ActiveCfg = Debug|Any CPU
        {B9A65DFD-B7BC-4BC3-ACA9-86E1FF906800}.Debug|Any CPU.Build.0 = Debug|Any CPU
        {B9A65DFD-B7BC-4BC3-ACA9-86E1FF906800}.Release|Any CPU.ActiveCfg = Release|Any CPU
        {B9A65DFD-B7BC-4BC3-ACA9-86E1FF906800}.Release|Any CPU.Build.0 = Release|Any CPU
        {D780D481-96D1-4CBF-AE9A-27624AC4BB84}.Debug|Any CPU.ActiveCfg = Debug|Any CPU
        {D780D481-96D1-4CBF-AE9A-27624AC4BB84}.Debug|Any CPU.Build.0 = Debug|Any CPU
        {D780D481-96D1-4CBF-AE9A-27624AC4BB84}.Release|Any CPU.ActiveCfg = Release|Any CPU
        {D780D481-96D1-4CBF-AE9A-27624AC4BB84}.Release|Any CPU.Build.0 = Release|Any CPU
        {8B4282CC-4971-4A58-9711-D1452826D908}.Debug|Any CPU.ActiveCfg = Debug|Any CPU
        {8B4282CC-4971-4A58-9711-D1452826D908}.Debug|Any CPU.Build.0 = Debug|Any CPU
        {8B4282CC-4971-4A58-9711-D1452826D908}.Release|Any CPU.ActiveCfg = Release|Any CPU
        {8B4282CC-4971-4A58-9711-D1452826D908}.Release|Any CPU.Build.0 = Release|Any CPU
    EndGlobalSection
    GlobalSection(SolutionProperties) = preSolution
        HideSolutionNode = FALSE
    EndGlobalSection
EndGlobal